
Microsoft Visual Studio Solution File, Format Version 12.00
# Blend for Visual Studio Version 17
VisualStudioVersion = 17.6.33712.159
MinimumVisualStudioVersion = 10.0.40219.1
Project("{FAE04EC0-301F-11D3-BF4B-00C04F79EFBC}") = "HW_WPF_Keyboard_Trainer", "HW_WPF_Keyboard_Trainer\HW_WPF_Keyboard_Trainer.csproj", "{AB5F8342-172F-45F9-B669-3F233413E114}"
EndProject
Global
	GlobalSection(SolutionConfigurationPlatforms) = preSolution
		Debug|Any CPU = Debug|Any CPU
		Release|Any CPU = Release|Any CPU
	EndGlobalSection
	GlobalSection(ProjectConfigurationPlatforms) = postSolution
		{AB5F8342-172F-45F9-B669-3F233413E114}.Debug|Any CPU.ActiveCfg = Debug|Any CPU
		{AB5F8342-172F-45F9-B669-3F233413E114}.Debug|Any CPU.Build.0 = Debug|Any CPU
		{AB5F8342-172F-45F9-B669-3F233413E114}.Release|Any CPU.ActiveCfg = Release|Any CPU
		{AB5F8342-172F-45F9-B669-3F233413E114}.Release|Any CPU.Build.0 = Release|Any CPU
	EndGlobalSection
	GlobalSection(SolutionProperties) = preSolution
		HideSolutionNode = FALSE
	EndGlobalSection
	GlobalSection(ExtensibilityGlobals) = postSolution
		SolutionGuid = {5710D0D1-5906-46B7-A6AC-95A259B7FF10}
	EndGlobalSection
EndGlobal
